
Microsoft Visual Studio Solution File, Format Version 10.00
# Visual Studio 2008
Project("{8BC9CEB8-8B4A-11D0-8D11-00A0C91BC942}") = "Demo", "Demo.vcproj", "{1F3F0216-AE3B-4D73-8FD5-9FE9F6EB5392}"
EndProject
Global
	GlobalSection(SolutionConfigurationPlatforms) = preSolution
		Debug|Win32 = Debug|Win32
		Release|Win32 = Release|Win32
	EndGlobalSection
	GlobalSection(ProjectConfigurationPlatforms) = postSolution
		{1F3F0216-AE3B-4D73-8FD5-9FE9F6EB5392}.Debug|Win32.ActiveCfg = Debug|Win32
		{1F3F0216-AE3B-4D73-8FD5-9FE9F6EB5392}.Debug|Win32.Build.0 = Debug|Win32
		{1F3F0216-AE3B-4D73-8FD5-9FE9F6EB5392}.Release|Win32.ActiveCfg = Release|Win32
		{1F3F0216-AE3B-4D73-8FD5-9FE9F6EB5392}.Release|Win32.Build.0 = Release|Win32
	EndGlobalSection
	GlobalSection(SolutionProperties) = preSolution
		HideSolutionNode = FALSE
	EndGlobalSection
EndGlobal
